{
  "name": "audio-wave",
  "version": "1.0.0",
  "lockfileVersion": 1,
  "requires": true,
  "dependencies": {
    "@svgdotjs/svg.js": {
      "version": "3.0.16",
      "resolved": "https://registry.npm.taobao.org/@svgdotjs/svg.js/download/@svgdotjs/svg.js-3.0.16.tgz",
      "integrity": "sha1-cER1TkXa9iyOKxFcRcozyluWev8="
    }
  }
}
